
Microsoft Visual Studio Solution File, Format Version 12.00
# Visual Studio Version 17
VisualStudioVersion = 17.14.36121.58
MinimumVisualStudioVersion = 10.0.40219.1
Project("{FAE04EC0-301F-11D3-BF4B-00C04F79EFBC}") = "NumeroParImpar", "NumeroParImpar\NumeroParImpar.csproj", "{4E0B603F-92D9-4E5F-B3ED-873FE09146AB}"
EndProject
Project("{FAE04EC0-301F-11D3-BF4B-00C04F79EFBC}") = "numeroMayor", "numeroMayor\numeroMayor.csproj", "{283C6BE5-2E87-4265-9500-E69A67ED7F07}"
EndProject
Project("{FAE04EC0-301F-11D3-BF4B-00C04F79EFBC}") = "numeroMMM", "numeroMMM\numeroMMM.csproj", "{39FE66D4-EE9E-4228-9B44-034F53D725B6}"
EndProject
Project("{FAE04EC0-301F-11D3-BF4B-00C04F79EFBC}") = "multiplo", "multiplo\multiplo.csproj", "{AD17D06A-999E-4F43-BDAE-727BA633E605}"
EndProject
Project("{FAE04EC0-301F-11D3-BF4B-00C04F79EFBC}") = "adopcion", "adopcion\adopcion.csproj", "{9805D176-F53C-40DF-B344-A5C5B0B08003}"
EndProject
Project("{FAE04EC0-301F-11D3-BF4B-00C04F79EFBC}") = "colores", "colores\colores.csproj", "{F761C866-AF72-4BF0-A0C7-9EA3E16E0CB8}"
EndProject
Project("{FAE04EC0-301F-11D3-BF4B-00C04F79EFBC}") = "nomina", "nomina\nomina.csproj", "{E1C661B9-E38D-4604-A4E1-93332AC9A30B}"
EndProject
Project("{FAE04EC0-301F-11D3-BF4B-00C04F79EFBC}") = "shared", "shared\shared.csproj", "{51C89F21-6ECB-4C33-9931-D9F95BF52883}"
EndProject
Project("{FAE04EC0-301F-11D3-BF4B-00C04F79EFBC}") = "taller", "taller\taller.csproj", "{2453BA90-9F33-438D-A76F-F5C51AD3D979}"
EndProject
Global
	GlobalSection(SolutionConfigurationPlatforms) = preSolution
		Debug|Any CPU = Debug|Any CPU
		Release|Any CPU = Release|Any CPU
	EndGlobalSection
	GlobalSection(ProjectConfigurationPlatforms) = postSolution
		{4E0B603F-92D9-4E5F-B3ED-873FE09146AB}.Debug|Any CPU.ActiveCfg = Debug|Any CPU
		{4E0B603F-92D9-4E5F-B3ED-873FE09146AB}.Debug|Any CPU.Build.0 = Debug|Any CPU
		{4E0B603F-92D9-4E5F-B3ED-873FE09146AB}.Release|Any CPU.ActiveCfg = Release|Any CPU
		{4E0B603F-92D9-4E5F-B3ED-873FE09146AB}.Release|Any CPU.Build.0 = Release|Any CPU
		{283C6BE5-2E87-4265-9500-E69A67ED7F07}.Debug|Any CPU.ActiveCfg = Debug|Any CPU
		{283C6BE5-2E87-4265-9500-E69A67ED7F07}.Debug|Any CPU.Build.0 = Debug|Any CPU
		{283C6BE5-2E87-4265-9500-E69A67ED7F07}.Release|Any CPU.ActiveCfg = Release|Any CPU
		{283C6BE5-2E87-4265-9500-E69A67ED7F07}.Release|Any CPU.Build.0 = Release|Any CPU
		{39FE66D4-EE9E-4228-9B44-034F53D725B6}.Debug|Any CPU.ActiveCfg = Debug|Any CPU
		{39FE66D4-EE9E-4228-9B44-034F53D725B6}.Debug|Any CPU.Build.0 = Debug|Any CPU
		{39FE66D4-EE9E-4228-9B44-034F53D725B6}.Release|Any CPU.ActiveCfg = Release|Any CPU
		{39FE66D4-EE9E-4228-9B44-034F53D725B6}.Release|Any CPU.Build.0 = Release|Any CPU
		{AD17D06A-999E-4F43-BDAE-727BA633E605}.Debug|Any CPU.ActiveCfg = Debug|Any CPU
		{AD17D06A-999E-4F43-BDAE-727BA633E605}.Debug|Any CPU.Build.0 = Debug|Any CPU
		{AD17D06A-999E-4F43-BDAE-727BA633E605}.Release|Any CPU.ActiveCfg = Release|Any CPU
		{AD17D06A-999E-4F43-BDAE-727BA633E605}.Release|Any CPU.Build.0 = Release|Any CPU
		{9805D176-F53C-40DF-B344-A5C5B0B08003}.Debug|Any CPU.ActiveCfg = Debug|Any CPU
		{9805D176-F53C-40DF-B344-A5C5B0B08003}.Debug|Any CPU.Build.0 = Debug|Any CPU
		{9805D176-F53C-40DF-B344-A5C5B0B08003}.Release|Any CPU.ActiveCfg = Release|Any CPU
		{9805D176-F53C-40DF-B344-A5C5B0B08003}.Release|Any CPU.Build.0 = Release|Any CPU
		{F761C866-AF72-4BF0-A0C7-9EA3E16E0CB8}.Debug|Any CPU.ActiveCfg = Debug|Any CPU
		{F761C866-AF72-4BF0-A0C7-9EA3E16E0CB8}.Debug|Any CPU.Build.0 = Debug|Any CPU
		{F761C866-AF72-4BF0-A0C7-9EA3E16E0CB8}.Release|Any CPU.ActiveCfg = Release|Any CPU
		{F761C866-AF72-4BF0-A0C7-9EA3E16E0CB8}.Release|Any CPU.Build.0 = Release|Any CPU
		{E1C661B9-E38D-4604-A4E1-93332AC9A30B}.Debug|Any CPU.ActiveCfg = Debug|Any CPU
		{E1C661B9-E38D-4604-A4E1-93332AC9A30B}.Debug|Any CPU.Build.0 = Debug|Any CPU
		{E1C661B9-E38D-4604-A4E1-93332AC9A30B}.Release|Any CPU.ActiveCfg = Release|Any CPU
		{E1C661B9-E38D-4604-A4E1-93332AC9A30B}.Release|Any CPU.Build.0 = Release|Any CPU
		{51C89F21-6ECB-4C33-9931-D9F95BF52883}.Debug|Any CPU.ActiveCfg = Debug|Any CPU
		{51C89F21-6ECB-4C33-9931-D9F95BF52883}.Debug|Any CPU.Build.0 = Debug|Any CPU
		{51C89F21-6ECB-4C33-9931-D9F95BF52883}.Release|Any CPU.ActiveCfg = Release|Any CPU
		{51C89F21-6ECB-4C33-9931-D9F95BF52883}.Release|Any CPU.Build.0 = Release|Any CPU
		{2453BA90-9F33-438D-A76F-F5C51AD3D979}.Debug|Any CPU.ActiveCfg = Debug|Any CPU
		{2453BA90-9F33-438D-A76F-F5C51AD3D979}.Debug|Any CPU.Build.0 = Debug|Any CPU
		{2453BA90-9F33-438D-A76F-F5C51AD3D979}.Release|Any CPU.ActiveCfg = Release|Any CPU
		{2453BA90-9F33-438D-A76F-F5C51AD3D979}.Release|Any CPU.Build.0 = Release|Any CPU
	EndGlobalSection
	GlobalSection(SolutionProperties) = preSolution
		HideSolutionNode = FALSE
	EndGlobalSection
	GlobalSection(ExtensibilityGlobals) = postSolution
		SolutionGuid = {381773A5-EDD4-4E8C-8B33-0597D7E2E5CE}
	EndGlobalSection
EndGlobal
