
Microsoft Visual Studio Solution File, Format Version 12.00
# Visual Studio Version 17
VisualStudioVersion = 17.14.36811.4
MinimumVisualStudioVersion = 10.0.40219.1
Project("{FAE04EC0-301F-11D3-BF4B-00C04F79EFBC}") = "inventario.front", "inventario.front\inventario.front.csproj", "{EFB87908-E88A-4478-952C-362EA85B58C2}"
EndProject
Project("{FAE04EC0-301F-11D3-BF4B-00C04F79EFBC}") = "Inventario.back", "inventario.back\Inventario.back.csproj", "{931591BF-5C6C-47B7-A452-E65BD3F0241B}"
EndProject
Global
	GlobalSection(SolutionConfigurationPlatforms) = preSolution
		Debug|Any CPU = Debug|Any CPU
		Release|Any CPU = Release|Any CPU
	EndGlobalSection
	GlobalSection(ProjectConfigurationPlatforms) = postSolution
		{EFB87908-E88A-4478-952C-362EA85B58C2}.Debug|Any CPU.ActiveCfg = Debug|Any CPU
		{EFB87908-E88A-4478-952C-362EA85B58C2}.Debug|Any CPU.Build.0 = Debug|Any CPU
		{EFB87908-E88A-4478-952C-362EA85B58C2}.Release|Any CPU.ActiveCfg = Release|Any CPU
		{EFB87908-E88A-4478-952C-362EA85B58C2}.Release|Any CPU.Build.0 = Release|Any CPU
		{931591BF-5C6C-47B7-A452-E65BD3F0241B}.Debug|Any CPU.ActiveCfg = Debug|Any CPU
		{931591BF-5C6C-47B7-A452-E65BD3F0241B}.Debug|Any CPU.Build.0 = Debug|Any CPU
		{931591BF-5C6C-47B7-A452-E65BD3F0241B}.Release|Any CPU.ActiveCfg = Release|Any CPU
		{931591BF-5C6C-47B7-A452-E65BD3F0241B}.Release|Any CPU.Build.0 = Release|Any CPU
	EndGlobalSection
	GlobalSection(SolutionProperties) = preSolution
		HideSolutionNode = FALSE
	EndGlobalSection
	GlobalSection(ExtensibilityGlobals) = postSolution
		SolutionGuid = {C38FFC45-DD8A-4B4D-BBF8-21CB9EC6AB75}
	EndGlobalSection
EndGlobal
